
Microsoft Visual Studio Solution File, Format Version 12.00
# Visual Studio 15
Project("{FAE04EC0-301F-11D3-BF4B-00C04F79EFBC}") = "MountainBot", "ConsoleBot\MountainBot.csproj", "{37BF37CB-8A43-4121-BDAA-8D72C59E5046}"
EndProject
Global
	GlobalSection(SolutionConfigurationPlatforms) = preSolution
		Debug|Any CPU = Debug|Any CPU
		Release|Any CPU = Release|Any CPU
	EndGlobalSection
	GlobalSection(ProjectConfigurationPlatforms) = postSolution
		{37BF37CB-8A43-4121-BDAA-8D72C59E5046}.Debug|Any CPU.ActiveCfg = Debug|Any CPU
		{37BF37CB-8A43-4121-BDAA-8D72C59E5046}.Debug|Any CPU.Build.0 = Debug|Any CPU
		{37BF37CB-8A43-4121-BDAA-8D72C59E5046}.Release|Any CPU.ActiveCfg = Release|Any CPU
		{37BF37CB-8A43-4121-BDAA-8D72C59E5046}.Release|Any CPU.Build.0 = Release|Any CPU
	EndGlobalSection
EndGlobal
